// !$*UTF8*$!
{
	archiveVersion = 1;
	classes = {
	};
	objectVersion = 56;
	objects = {

/* Begin PBXBuildFile section */
		623F114F2A65BD6F00301F2A /* ClassesCollectionViewCell.swift in Sources */ = {isa = PBXBuildFile; fileRef = 623F114E2A65BD6F00301F2A /* ClassesCollectionViewCell.swift */; };
		623F11512A65BDCF00301F2A /* NoClassesView.swift in Sources */ = {isa = PBXBuildFile; fileRef = 623F11502A65BDCF00301F2A /* NoClassesView.swift */; };
		623F11532A65BE1B00301F2A /* ClassesRepository.swift in Sources */ = {isa = PBXBuildFile; fileRef = 623F11522A65BE1B00301F2A /* ClassesRepository.swift */; };
		623F11572A65BE9C00301F2A /* TrainerView.swift in Sources */ = {isa = PBXBuildFile; fileRef = 623F11552A65BE9C00301F2A /* TrainerView.swift */; };
		623F11582A65BE9C00301F2A /* InfoClassesView.swift in Sources */ = {isa = PBXBuildFile; fileRef = 623F11562A65BE9C00301F2A /* InfoClassesView.swift */; };
		623F115A2A65BEB400301F2A /* ClassesTableViewCell.swift in Sources */ = {isa = PBXBuildFile; fileRef = 623F11592A65BEB400301F2A /* ClassesTableViewCell.swift */; };
		623F115C2A65BF5C00301F2A /* DeleteView.swift in Sources */ = {isa = PBXBuildFile; fileRef = 623F115B2A65BF5C00301F2A /* DeleteView.swift */; };
		623F119A2A6B0A7E00301F2A /* MainScreenView.swift in Sources */ = {isa = PBXBuildFile; fileRef = 623F11992A6B0A7E00301F2A /* MainScreenView.swift */; };
		623F119C2A6B23EA00301F2A /* Di.swift in Sources */ = {isa = PBXBuildFile; fileRef = 623F119B2A6B23EA00301F2A /* Di.swift */; };
		623F119E2A6B41E100301F2A /* MainProvider.swift in Sources */ = {isa = PBXBuildFile; fileRef = 623F119D2A6B41E100301F2A /* MainProvider.swift */; };
		623F11A02A6C100900301F2A /* TrainersScreenView.swift in Sources */ = {isa = PBXBuildFile; fileRef = 623F119F2A6C100900301F2A /* TrainersScreenView.swift */; };
		6248F5EF2A4E236D00B51D64 /* ScheduleAPI.swift in Sources */ = {isa = PBXBuildFile; fileRef = 6248F5EE2A4E236D00B51D64 /* ScheduleAPI.swift */; };
		6248F5F72A537DC100B51D64 /* Days.swift in Sources */ = {isa = PBXBuildFile; fileRef = 6248F5F62A537DC100B51D64 /* Days.swift */; };
		6248F5FE2A5598DD00B51D64 /* TrainersScreenVC.swift in Sources */ = {isa = PBXBuildFile; fileRef = 6248F5FD2A5598DD00B51D64 /* TrainersScreenVC.swift */; };
		6248F6002A55A4E700B51D64 /* TrainersTableViewCell.swift in Sources */ = {isa = PBXBuildFile; fileRef = 6248F5FF2A55A4E700B51D64 /* TrainersTableViewCell.swift */; };
		6248F6022A55C85500B51D64 /* Colors.swift in Sources */ = {isa = PBXBuildFile; fileRef = 6248F6012A55C85500B51D64 /* Colors.swift */; };
		6248F6042A55D3D400B51D64 /* TrainersEndpoint.swift in Sources */ = {isa = PBXBuildFile; fileRef = 6248F6032A55D3D400B51D64 /* TrainersEndpoint.swift */; };
		6248F6062A55D43100B51D64 /* Trainers.swift in Sources */ = {isa = PBXBuildFile; fileRef = 6248F6052A55D43100B51D64 /* Trainers.swift */; };
		6248F6082A55D47900B51D64 /* TrainersApiClient.swift in Sources */ = {isa = PBXBuildFile; fileRef = 6248F6072A55D47900B51D64 /* TrainersApiClient.swift */; };
		6248F60A2A55D64100B51D64 /* TrainersCollectionViewCell.swift in Sources */ = {isa = PBXBuildFile; fileRef = 6248F6092A55D64100B51D64 /* TrainersCollectionViewCell.swift */; };
		6248F60C2A56E44B00B51D64 /* ContactsTableViewCell.swift in Sources */ = {isa = PBXBuildFile; fileRef = 6248F60B2A56E44B00B51D64 /* ContactsTableViewCell.swift */; };
		6248F61B2A5719EC00B51D64 /* AboutScreenVC.swift in Sources */ = {isa = PBXBuildFile; fileRef = 6248F61A2A5719EC00B51D64 /* AboutScreenVC.swift */; };
		6248F61E2A57353F00B51D64 /* DetailScreenVC.swift in Sources */ = {isa = PBXBuildFile; fileRef = 6248F61D2A57353F00B51D64 /* DetailScreenVC.swift */; };
		62A885702A6D8AD30014B63E /* AboutScreenView.swift in Sources */ = {isa = PBXBuildFile; fileRef = 62A8856F2A6D8AD30014B63E /* AboutScreenView.swift */; };
		62A885722A6D8BE60014B63E /* ScheduleScreenView.swift in Sources */ = {isa = PBXBuildFile; fileRef = 62A885712A6D8BE60014B63E /* ScheduleScreenView.swift */; };
		62A885742A6D8F5A0014B63E /* DetailScreenView.swift in Sources */ = {isa = PBXBuildFile; fileRef = 62A885732A6D8F5A0014B63E /* DetailScreenView.swift */; };
		62A885762A6D930B0014B63E /* ProfileScreenView.swift in Sources */ = {isa = PBXBuildFile; fileRef = 62A885752A6D930B0014B63E /* ProfileScreenView.swift */; };
		62A885782A6D99080014B63E /* DayServise.swift in Sources */ = {isa = PBXBuildFile; fileRef = 62A885772A6D99080014B63E /* DayServise.swift */; };
		62A8857A2A6DBF060014B63E /* ScheduleProvider.swift in Sources */ = {isa = PBXBuildFile; fileRef = 62A885792A6DBF060014B63E /* ScheduleProvider.swift */; };
		62A8857C2A6DC0EE0014B63E /* DetailProvider.swift in Sources */ = {isa = PBXBuildFile; fileRef = 62A8857B2A6DC0EE0014B63E /* DetailProvider.swift */; };
		62EAD8AA2A332296005DF467 /* AppDelegate.swift in Sources */ = {isa = PBXBuildFile; fileRef = 62EAD8A92A332296005DF467 /* AppDelegate.swift */; };
		62EAD8AC2A332296005DF467 /* SceneDelegate.swift in Sources */ = {isa = PBXBuildFile; fileRef = 62EAD8AB2A332296005DF467 /* SceneDelegate.swift */; };
		62EAD8AE2A332296005DF467 /* MainScreenVC.swift in Sources */ = {isa = PBXBuildFile; fileRef = 62EAD8AD2A332296005DF467 /* MainScreenVC.swift */; };
		62EAD8B32A332297005DF467 /* Assets.xcassets in Resources */ = {isa = PBXBuildFile; fileRef = 62EAD8B22A332297005DF467 /* Assets.xcassets */; };
		62EAD8B62A332297005DF467 /* LaunchScreen.storyboard in Resources */ = {isa = PBXBuildFile; fileRef = 62EAD8B42A332297005DF467 /* LaunchScreen.storyboard */; };
		62EAD8DE2A379802005DF467 /* Screen.swift in Sources */ = {isa = PBXBuildFile; fileRef = 62EAD8DD2A379802005DF467 /* Screen.swift */; };
		62EAD8E02A379AD2005DF467 /* CardView.swift in Sources */ = {isa = PBXBuildFile; fileRef = 62EAD8DF2A379AD2005DF467 /* CardView.swift */; };
		62EAD8E52A38DF2B005DF467 /* Label.swift in Sources */ = {isa = PBXBuildFile; fileRef = 62EAD8E42A38DF2B005DF467 /* Label.swift */; };
		62EAD8E72A38E732005DF467 /* ContainerVerticalStackView.swift in Sources */ = {isa = PBXBuildFile; fileRef = 62EAD8E62A38E732005DF467 /* ContainerVerticalStackView.swift */; };
		62EAD8EA2A38EBD4005DF467 /* InfoContainerStackView.swift in Sources */ = {isa = PBXBuildFile; fileRef = 62EAD8E92A38EBD4005DF467 /* InfoContainerStackView.swift */; };
		62EAD8EC2A38EE4A005DF467 /* Button.swift in Sources */ = {isa = PBXBuildFile; fileRef = 62EAD8EB2A38EE4A005DF467 /* Button.swift */; };
		62EAD8EE2A38F03D005DF467 /* InfoView.swift in Sources */ = {isa = PBXBuildFile; fileRef = 62EAD8ED2A38F03D005DF467 /* InfoView.swift */; };
		62EAD8F22A3A30D8005DF467 /* Extension + UIViewController.swift in Sources */ = {isa = PBXBuildFile; fileRef = 62EAD8F12A3A30D8005DF467 /* Extension + UIViewController.swift */; };
		62EAD8F42A3B1299005DF467 /* MainTabBar.swift in Sources */ = {isa = PBXBuildFile; fileRef = 62EAD8F32A3B1299005DF467 /* MainTabBar.swift */; };
		62EAD8F72A3B4752005DF467 /* ScheduleScreenVC.swift in Sources */ = {isa = PBXBuildFile; fileRef = 62EAD8F62A3B4752005DF467 /* ScheduleScreenVC.swift */; };
		62EAD8FE2A3B7FBE005DF467 /* ProfileScreenVC.swift in Sources */ = {isa = PBXBuildFile; fileRef = 62EAD8FD2A3B7FBE005DF467 /* ProfileScreenVC.swift */; };
		62EAD9182A3E3C58005DF467 /* CalendarKit in Frameworks */ = {isa = PBXBuildFile; productRef = 62EAD9172A3E3C58005DF467 /* CalendarKit */; };
		62EAD9F32A4DA946005DF467 /* ScheduleTableView.swift in Sources */ = {isa = PBXBuildFile; fileRef = 62EAD9F22A4DA946005DF467 /* ScheduleTableView.swift */; };
		62EAD9F52A4DAAD0005DF467 /* ScheduleTableViewCell.swift in Sources */ = {isa = PBXBuildFile; fileRef = 62EAD9F42A4DAAD0005DF467 /* ScheduleTableViewCell.swift */; };
		62EAD9FB2A4DD4BA005DF467 /* Schedule.swift in Sources */ = {isa = PBXBuildFile; fileRef = 62EAD9FA2A4DD4BA005DF467 /* Schedule.swift */; };
		62EAD9FD2A4DD60D005DF467 /* HTTPMethods.swift in Sources */ = {isa = PBXBuildFile; fileRef = 62EAD9FC2A4DD60D005DF467 /* HTTPMethods.swift */; };
		62EAD9FF2A4DD681005DF467 /* NetworkError.swift in Sources */ = {isa = PBXBuildFile; fileRef = 62EAD9FE2A4DD681005DF467 /* NetworkError.swift */; };
		62EADA012A4DE6E5005DF467 /* Endpoint.swift in Sources */ = {isa = PBXBuildFile; fileRef = 62EADA002A4DE6E5005DF467 /* Endpoint.swift */; };
		62EADA042A4DE87E005DF467 /* ScheduleEndpoint.swift in Sources */ = {isa = PBXBuildFile; fileRef = 62EADA032A4DE87E005DF467 /* ScheduleEndpoint.swift */; };
/* End PBXBuildFile section */

/* Begin PBXFileReference section */
		623F114E2A65BD6F00301F2A /* ClassesCollectionViewCell.swift */ = {isa = PBXFileReference; fileEncoding = 4; lastKnownFileType = sourcecode.swift; path = ClassesCollectionViewCell.swift; sourceTree = "<group>"; };
		623F11502A65BDCF00301F2A /* NoClassesView.swift */ = {isa = PBXFileReference; fileEncoding = 4; lastKnownFileType = sourcecode.swift; path = NoClassesView.swift; sourceTree = "<group>"; };
		623F11522A65BE1B00301F2A /* ClassesRepository.swift */ = {isa = PBXFileReference; fileEncoding = 4; lastKnownFileType = sourcecode.swift; path = ClassesRepository.swift; sourceTree = "<group>"; };
		623F11552A65BE9C00301F2A /* TrainerView.swift */ = {isa = PBXFileReference; fileEncoding = 4; lastKnownFileType = sourcecode.swift; path = TrainerView.swift; sourceTree = "<group>"; };
		623F11562A65BE9C00301F2A /* InfoClassesView.swift */ = {isa = PBXFileReference; fileEncoding = 4; lastKnownFileType = sourcecode.swift; path = InfoClassesView.swift; sourceTree = "<group>"; };
		623F11592A65BEB400301F2A /* ClassesTableViewCell.swift */ = {isa = PBXFileReference; fileEncoding = 4; lastKnownFileType = sourcecode.swift; path = ClassesTableViewCell.swift; sourceTree = "<group>"; };
		623F115B2A65BF5C00301F2A /* DeleteView.swift */ = {isa = PBXFileReference; fileEncoding = 4; lastKnownFileType = sourcecode.swift; name = DeleteView.swift; path = "../../../../TMS/Final-dance-app/Components/Views/DeleteView.swift"; sourceTree = "<group>"; };
		623F11992A6B0A7E00301F2A /* MainScreenView.swift */ = {isa = PBXFileReference; lastKnownFileType = sourcecode.swift; path = MainScreenView.swift; sourceTree = "<group>"; };
		623F119B2A6B23EA00301F2A /* Di.swift */ = {isa = PBXFileReference; lastKnownFileType = sourcecode.swift; path = Di.swift; sourceTree = "<group>"; };
		623F119D2A6B41E100301F2A /* MainProvider.swift */ = {isa = PBXFileReference; lastKnownFileType = sourcecode.swift; path = MainProvider.swift; sourceTree = "<group>"; };
		623F119F2A6C100900301F2A /* TrainersScreenView.swift */ = {isa = PBXFileReference; lastKnownFileType = sourcecode.swift; path = TrainersScreenView.swift; sourceTree = "<group>"; };
		6248F5EE2A4E236D00B51D64 /* ScheduleAPI.swift */ = {isa = PBXFileReference; lastKnownFileType = sourcecode.swift; path = ScheduleAPI.swift; sourceTree = "<group>"; };
		6248F5F62A537DC100B51D64 /* Days.swift */ = {isa = PBXFileReference; lastKnownFileType = sourcecode.swift; path = Days.swift; sourceTree = "<group>"; };
		6248F5FD2A5598DD00B51D64 /* TrainersScreenVC.swift */ = {isa = PBXFileReference; lastKnownFileType = sourcecode.swift; path = TrainersScreenVC.swift; sourceTree = "<group>"; };
		6248F5FF2A55A4E700B51D64 /* TrainersTableViewCell.swift */ = {isa = PBXFileReference; lastKnownFileType = sourcecode.swift; path = TrainersTableViewCell.swift; sourceTree = "<group>"; };
		6248F6012A55C85500B51D64 /* Colors.swift */ = {isa = PBXFileReference; lastKnownFileType = sourcecode.swift; path = Colors.swift; sourceTree = "<group>"; };
		6248F6032A55D3D400B51D64 /* TrainersEndpoint.swift */ = {isa = PBXFileReference; lastKnownFileType = sourcecode.swift; path = TrainersEndpoint.swift; sourceTree = "<group>"; };
		6248F6052A55D43100B51D64 /* Trainers.swift */ = {isa = PBXFileReference; lastKnownFileType = sourcecode.swift; path = Trainers.swift; sourceTree = "<group>"; };
		6248F6072A55D47900B51D64 /* TrainersApiClient.swift */ = {isa = PBXFileReference; lastKnownFileType = sourcecode.swift; path = TrainersApiClient.swift; sourceTree = "<group>"; };
		6248F6092A55D64100B51D64 /* TrainersCollectionViewCell.swift */ = {isa = PBXFileReference; lastKnownFileType = sourcecode.swift; path = TrainersCollectionViewCell.swift; sourceTree = "<group>"; };
		6248F60B2A56E44B00B51D64 /* ContactsTableViewCell.swift */ = {isa = PBXFileReference; lastKnownFileType = sourcecode.swift; path = ContactsTableViewCell.swift; sourceTree = "<group>"; };
		6248F61A2A5719EC00B51D64 /* AboutScreenVC.swift */ = {isa = PBXFileReference; lastKnownFileType = sourcecode.swift; path = AboutScreenVC.swift; sourceTree = "<group>"; };
		6248F61D2A57353F00B51D64 /* DetailScreenVC.swift */ = {isa = PBXFileReference; lastKnownFileType = sourcecode.swift; path = DetailScreenVC.swift; sourceTree = "<group>"; };
		62A8856F2A6D8AD30014B63E /* AboutScreenView.swift */ = {isa = PBXFileReference; lastKnownFileType = sourcecode.swift; path = AboutScreenView.swift; sourceTree = "<group>"; };
		62A885712A6D8BE60014B63E /* ScheduleScreenView.swift */ = {isa = PBXFileReference; lastKnownFileType = sourcecode.swift; path = ScheduleScreenView.swift; sourceTree = "<group>"; };
		62A885732A6D8F5A0014B63E /* DetailScreenView.swift */ = {isa = PBXFileReference; lastKnownFileType = sourcecode.swift; path = DetailScreenView.swift; sourceTree = "<group>"; };
		62A885752A6D930B0014B63E /* ProfileScreenView.swift */ = {isa = PBXFileReference; lastKnownFileType = sourcecode.swift; path = ProfileScreenView.swift; sourceTree = "<group>"; };
		62A885772A6D99080014B63E /* DayServise.swift */ = {isa = PBXFileReference; lastKnownFileType = sourcecode.swift; path = DayServise.swift; sourceTree = "<group>"; };
		62A885792A6DBF060014B63E /* ScheduleProvider.swift */ = {isa = PBXFileReference; lastKnownFileType = sourcecode.swift; path = ScheduleProvider.swift; sourceTree = "<group>"; };
		62A8857B2A6DC0EE0014B63E /* DetailProvider.swift */ = {isa = PBXFileReference; lastKnownFileType = sourcecode.swift; path = DetailProvider.swift; sourceTree = "<group>"; };
		62EAD8A62A332296005DF467 /* Final-dance-app.app */ = {isa = PBXFileReference; explicitFileType = wrapper.application; includeInIndex = 0; path = "Final-dance-app.app"; sourceTree = BUILT_PRODUCTS_DIR; };
		62EAD8A92A332296005DF467 /* AppDelegate.swift */ = {isa = PBXFileReference; lastKnownFileType = sourcecode.swift; path = AppDelegate.swift; sourceTree = "<group>"; };
		62EAD8AB2A332296005DF467 /* SceneDelegate.swift */ = {isa = PBXFileReference; lastKnownFileType = sourcecode.swift; path = SceneDelegate.swift; sourceTree = "<group>"; };
		62EAD8AD2A332296005DF467 /* MainScreenVC.swift */ = {isa = PBXFileReference; lastKnownFileType = sourcecode.swift; path = MainScreenVC.swift; sourceTree = "<group>"; };
		62EAD8B22A332297005DF467 /* Assets.xcassets */ = {isa = PBXFileReference; lastKnownFileType = folder.assetcatalog; path = Assets.xcassets; sourceTree = "<group>"; };
		62EAD8B52A332297005DF467 /* Base */ = {isa = PBXFileReference; lastKnownFileType = file.storyboard; name = Base; path = Base.lproj/LaunchScreen.storyboard; sourceTree = "<group>"; };
		62EAD8B72A332297005DF467 /* Info.plist */ = {isa = PBXFileReference; lastKnownFileType = text.plist.xml; path = Info.plist; sourceTree = "<group>"; };
		62EAD8DD2A379802005DF467 /* Screen.swift */ = {isa = PBXFileReference; lastKnownFileType = sourcecode.swift; path = Screen.swift; sourceTree = "<group>"; };
		62EAD8DF2A379AD2005DF467 /* CardView.swift */ = {isa = PBXFileReference; lastKnownFileType = sourcecode.swift; path = CardView.swift; sourceTree = "<group>"; };
		62EAD8E42A38DF2B005DF467 /* Label.swift */ = {isa = PBXFileReference; lastKnownFileType = sourcecode.swift; path = Label.swift; sourceTree = "<group>"; };
		62EAD8E62A38E732005DF467 /* ContainerVerticalStackView.swift */ = {isa = PBXFileReference; lastKnownFileType = sourcecode.swift; path = ContainerVerticalStackView.swift; sourceTree = "<group>"; };
		62EAD8E92A38EBD4005DF467 /* InfoContainerStackView.swift */ = {isa = PBXFileReference; lastKnownFileType = sourcecode.swift; path = InfoContainerStackView.swift; sourceTree = "<group>"; };
		62EAD8EB2A38EE4A005DF467 /* Button.swift */ = {isa = PBXFileReference; lastKnownFileType = sourcecode.swift; path = Button.swift; sourceTree = "<group>"; };
		62EAD8ED2A38F03D005DF467 /* InfoView.swift */ = {isa = PBXFileReference; lastKnownFileType = sourcecode.swift; path = InfoView.swift; sourceTree = "<group>"; };
		62EAD8F12A3A30D8005DF467 /* Extension + UIViewController.swift */ = {isa = PBXFileReference; lastKnownFileType = sourcecode.swift; path = "Extension + UIViewController.swift"; sourceTree = "<group>"; };
		62EAD8F32A3B1299005DF467 /* MainTabBar.swift */ = {isa = PBXFileReference; lastKnownFileType = sourcecode.swift; path = MainTabBar.swift; sourceTree = "<group>"; };
		62EAD8F62A3B4752005DF467 /* ScheduleScreenVC.swift */ = {isa = PBXFileReference; lastKnownFileType = sourcecode.swift; path = ScheduleScreenVC.swift; sourceTree = "<group>"; };
		62EAD8FD2A3B7FBE005DF467 /* ProfileScreenVC.swift */ = {isa = PBXFileReference; lastKnownFileType = sourcecode.swift; path = ProfileScreenVC.swift; sourceTree = "<group>"; };
		62EAD9F22A4DA946005DF467 /* ScheduleTableView.swift */ = {isa = PBXFileReference; lastKnownFileType = sourcecode.swift; path = ScheduleTableView.swift; sourceTree = "<group>"; };
		62EAD9F42A4DAAD0005DF467 /* ScheduleTableViewCell.swift */ = {isa = PBXFileReference; lastKnownFileType = sourcecode.swift; path = ScheduleTableViewCell.swift; sourceTree = "<group>"; };
		62EAD9FA2A4DD4BA005DF467 /* Schedule.swift */ = {isa = PBXFileReference; lastKnownFileType = sourcecode.swift; path = Schedule.swift; sourceTree = "<group>"; };
		62EAD9FC2A4DD60D005DF467 /* HTTPMethods.swift */ = {isa = PBXFileReference; lastKnownFileType = sourcecode.swift; path = HTTPMethods.swift; sourceTree = "<group>"; };
		62EAD9FE2A4DD681005DF467 /* NetworkError.swift */ = {isa = PBXFileReference; lastKnownFileType = sourcecode.swift; path = NetworkError.swift; sourceTree = "<group>"; };
		62EADA002A4DE6E5005DF467 /* Endpoint.swift */ = {isa = PBXFileReference; lastKnownFileType = sourcecode.swift; path = Endpoint.swift; sourceTree = "<group>"; };
		62EADA032A4DE87E005DF467 /* ScheduleEndpoint.swift */ = {isa = PBXFileReference; lastKnownFileType = sourcecode.swift; path = ScheduleEndpoint.swift; sourceTree = "<group>"; };
/* End PBXFileReference section */

/* Begin PBXFrameworksBuildPhase section */
		62EAD8A32A332296005DF467 /* Frameworks */ = {
			isa = PBXFrameworksBuildPhase;
			buildActionMask = 2147483647;
			files = (
				62EAD9182A3E3C58005DF467 /* CalendarKit in Frameworks */,
			);
			runOnlyForDeploymentPostprocessing = 0;
		};
/* End PBXFrameworksBuildPhase section */

/* Begin PBXGroup section */
		623F11092A5B04DE00301F2A /* Trainers */ = {
			isa = PBXGroup;
			children = (
				6248F5FD2A5598DD00B51D64 /* TrainersScreenVC.swift */,
				623F110A2A5B04FD00301F2A /* View */,
			);
			name = Trainers;
			path = ..;
			sourceTree = "<group>";
		};
		623F110A2A5B04FD00301F2A /* View */ = {
			isa = PBXGroup;
			children = (
				623F119F2A6C100900301F2A /* TrainersScreenView.swift */,
				6248F60F2A56FBCC00B51D64 /* Cells */,
			);
			name = View;
			sourceTree = "<group>";
		};
		623F110E2A5CA02D00301F2A /* Main */ = {
			isa = PBXGroup;
			children = (
				623F119D2A6B41E100301F2A /* MainProvider.swift */,
				62EAD8AD2A332296005DF467 /* MainScreenVC.swift */,
				623F110F2A5CA10B00301F2A /* View */,
			);
			path = Main;
			sourceTree = "<group>";
		};
		623F110F2A5CA10B00301F2A /* View */ = {
			isa = PBXGroup;
			children = (
				623F11992A6B0A7E00301F2A /* MainScreenView.swift */,
				6248F6162A57176F00B51D64 /* Subviews */,
				623F114D2A65BD6F00301F2A /* Cells */,
			);
			path = View;
			sourceTree = "<group>";
		};
		623F11132A5CA6AF00301F2A /* View */ = {
			isa = PBXGroup;
			children = (
				62A8856F2A6D8AD30014B63E /* AboutScreenView.swift */,
			);
			path = View;
			sourceTree = "<group>";
		};
		623F11182A5CA99400301F2A /* Views */ = {
			isa = PBXGroup;
			children = (
				623F115B2A65BF5C00301F2A /* DeleteView.swift */,
				62EAD8E92A38EBD4005DF467 /* InfoContainerStackView.swift */,
				62EAD8E62A38E732005DF467 /* ContainerVerticalStackView.swift */,
			);
			path = Views;
			sourceTree = "<group>";
		};
		623F11192A5CAC2C00301F2A /* Schedule */ = {
			isa = PBXGroup;
			children = (
				62A885792A6DBF060014B63E /* ScheduleProvider.swift */,
				62EAD8F62A3B4752005DF467 /* ScheduleScreenVC.swift */,
				623F111B2A5CAC3E00301F2A /* View */,
			);
			path = Schedule;
			sourceTree = "<group>";
		};
		623F111B2A5CAC3E00301F2A /* View */ = {
			isa = PBXGroup;
			children = (
				62A885712A6D8BE60014B63E /* ScheduleScreenView.swift */,
				623F111C2A5CAC5C00301F2A /* Subviews */,
			);
			path = View;
			sourceTree = "<group>";
		};
		623F111C2A5CAC5C00301F2A /* Subviews */ = {
			isa = PBXGroup;
			children = (
				62EAD9F42A4DAAD0005DF467 /* ScheduleTableViewCell.swift */,
				62EAD9F22A4DA946005DF467 /* ScheduleTableView.swift */,
			);
			path = Subviews;
			sourceTree = "<group>";
		};
		623F111D2A5CAE7E00301F2A /* Scenes */ = {
			isa = PBXGroup;
			children = (
				623F110E2A5CA02D00301F2A /* Main */,
				623F11092A5B04DE00301F2A /* Trainers */,
				6248F6192A57199800B51D64 /* About */,
				623F11192A5CAC2C00301F2A /* Schedule */,
				6248F61C2A57352700B51D64 /* Detail */,
				62EAD8FC2A3B7FA2005DF467 /* Profile */,
			);
			path = Scenes;
			sourceTree = "<group>";
		};
		623F111E2A5CAF6000301F2A /* View */ = {
			isa = PBXGroup;
			children = (
				62A885732A6D8F5A0014B63E /* DetailScreenView.swift */,
				623F11542A65BE9C00301F2A /* Subviews */,
			);
			path = View;
			sourceTree = "<group>";
		};
		623F11202A5CAF8100301F2A /* View */ = {
			isa = PBXGroup;
			children = (
				623F11592A65BEB400301F2A /* ClassesTableViewCell.swift */,
			);
			path = View;
			sourceTree = "<group>";
		};
		623F114D2A65BD6F00301F2A /* Cells */ = {
			isa = PBXGroup;
			children = (
				623F114E2A65BD6F00301F2A /* ClassesCollectionViewCell.swift */,
			);
			path = Cells;
			sourceTree = "<group>";
		};
		623F11542A65BE9C00301F2A /* Subviews */ = {
			isa = PBXGroup;
			children = (
				623F11552A65BE9C00301F2A /* TrainerView.swift */,
				623F11562A65BE9C00301F2A /* InfoClassesView.swift */,
			);
			path = Subviews;
			sourceTree = "<group>";
		};
		6248F5ED2A4E235400B51D64 /* API */ = {
			isa = PBXGroup;
			children = (
				6248F6072A55D47900B51D64 /* TrainersApiClient.swift */,
				6248F5EE2A4E236D00B51D64 /* ScheduleAPI.swift */,
			);
			path = API;
			sourceTree = "<group>";
		};
		6248F60F2A56FBCC00B51D64 /* Cells */ = {
			isa = PBXGroup;
			children = (
				6248F5FF2A55A4E700B51D64 /* TrainersTableViewCell.swift */,
				6248F6092A55D64100B51D64 /* TrainersCollectionViewCell.swift */,
				6248F60B2A56E44B00B51D64 /* ContactsTableViewCell.swift */,
			);
			path = Cells;
			sourceTree = "<group>";
		};
		6248F6162A57176F00B51D64 /* Subviews */ = {
			isa = PBXGroup;
			children = (
				62EAD8DF2A379AD2005DF467 /* CardView.swift */,
				623F11502A65BDCF00301F2A /* NoClassesView.swift */,
				62EAD8ED2A38F03D005DF467 /* InfoView.swift */,
			);
			path = Subviews;
			sourceTree = "<group>";
		};
		6248F6192A57199800B51D64 /* About */ = {
			isa = PBXGroup;
			children = (
				6248F61A2A5719EC00B51D64 /* AboutScreenVC.swift */,
				623F11132A5CA6AF00301F2A /* View */,
			);
			path = About;
			sourceTree = "<group>";
		};
		6248F61C2A57352700B51D64 /* Detail */ = {
			isa = PBXGroup;
			children = (
				6248F61D2A57353F00B51D64 /* DetailScreenVC.swift */,
				62A8857B2A6DC0EE0014B63E /* DetailProvider.swift */,
				623F111E2A5CAF6000301F2A /* View */,
			);
			path = Detail;
			sourceTree = "<group>";
		};
		62EAD89D2A332296005DF467 = {
			isa = PBXGroup;
			children = (
				62EAD8A82A332296005DF467 /* Final-dance-app */,
				62EAD8A72A332296005DF467 /* Products */,
			);
			sourceTree = "<group>";
		};
		62EAD8A72A332296005DF467 /* Products */ = {
			isa = PBXGroup;
			children = (
				62EAD8A62A332296005DF467 /* Final-dance-app.app */,
			);
			name = Products;
			sourceTree = "<group>";
		};
		62EAD8A82A332296005DF467 /* Final-dance-app */ = {
			isa = PBXGroup;
			children = (
				62EAD8BE2A3322B9005DF467 /* App */,
				62EAD9E42A4788A0005DF467 /* Di */,
				623F111D2A5CAE7E00301F2A /* Scenes */,
				62EAD9F92A4DD45B005DF467 /* NetworkingLayer */,
				62EAD8BF2A334239005DF467 /* Services */,
				62EAD8DC2A3797EE005DF467 /* Components */,
				62EAD8C42A33429E005DF467 /* Extensions */,
				62EAD8BD2A3322A2005DF467 /* Resources */,
			);
			path = "Final-dance-app";
			sourceTree = "<group>";
		};
		62EAD8BD2A3322A2005DF467 /* Resources */ = {
			isa = PBXGroup;
			children = (
				62EAD8B22A332297005DF467 /* Assets.xcassets */,
				62EAD8B42A332297005DF467 /* LaunchScreen.storyboard */,
				62EAD8B72A332297005DF467 /* Info.plist */,
			);
			path = Resources;
			sourceTree = "<group>";
		};
		62EAD8BE2A3322B9005DF467 /* App */ = {
			isa = PBXGroup;
			children = (
				62EAD8A92A332296005DF467 /* AppDelegate.swift */,
				62EAD8AB2A332296005DF467 /* SceneDelegate.swift */,
			);
			path = App;
			sourceTree = "<group>";
		};
		62EAD8BF2A334239005DF467 /* Services */ = {
			isa = PBXGroup;
			children = (
				62A885772A6D99080014B63E /* DayServise.swift */,
				623F11522A65BE1B00301F2A /* ClassesRepository.swift */,
				6248F5ED2A4E235400B51D64 /* API */,
				62EAD8C02A334248005DF467 /* Models */,
			);
			path = Services;
			sourceTree = "<group>";
		};
		62EAD8C02A334248005DF467 /* Models */ = {
			isa = PBXGroup;
			children = (
				62EAD9FA2A4DD4BA005DF467 /* Schedule.swift */,
				6248F6052A55D43100B51D64 /* Trainers.swift */,
			);
			path = Models;
			sourceTree = "<group>";
		};
		62EAD8C42A33429E005DF467 /* Extensions */ = {
			isa = PBXGroup;
			children = (
				62EAD8F12A3A30D8005DF467 /* Extension + UIViewController.swift */,
			);
			path = Extensions;
			sourceTree = "<group>";
		};
		62EAD8DC2A3797EE005DF467 /* Components */ = {
			isa = PBXGroup;
			children = (
				623F11182A5CA99400301F2A /* Views */,
				62EAD9F62A4DBD6C005DF467 /* Fabrics */,
				6248F5F62A537DC100B51D64 /* Days.swift */,
				62EAD8DD2A379802005DF467 /* Screen.swift */,
				6248F6012A55C85500B51D64 /* Colors.swift */,
			);
			path = Components;
			sourceTree = "<group>";
		};
		62EAD8FC2A3B7FA2005DF467 /* Profile */ = {
			isa = PBXGroup;
			children = (
				62EAD8FD2A3B7FBE005DF467 /* ProfileScreenVC.swift */,
				62A885752A6D930B0014B63E /* ProfileScreenView.swift */,
				623F11202A5CAF8100301F2A /* View */,
			);
			path = Profile;
			sourceTree = "<group>";
		};
		62EAD9E42A4788A0005DF467 /* Di */ = {
			isa = PBXGroup;
			children = (
				62EAD8F32A3B1299005DF467 /* MainTabBar.swift */,
				623F119B2A6B23EA00301F2A /* Di.swift */,
			);
			path = Di;
			sourceTree = "<group>";
		};
		62EAD9F62A4DBD6C005DF467 /* Fabrics */ = {
			isa = PBXGroup;
			children = (
				62EAD8EB2A38EE4A005DF467 /* Button.swift */,
				62EAD8E42A38DF2B005DF467 /* Label.swift */,
			);
			path = Fabrics;
			sourceTree = "<group>";
		};
		62EAD9F92A4DD45B005DF467 /* NetworkingLayer */ = {
			isa = PBXGroup;
			children = (
				62EADA022A4DE846005DF467 /* Endpoint */,
				62EAD9FC2A4DD60D005DF467 /* HTTPMethods.swift */,
				62EAD9FE2A4DD681005DF467 /* NetworkError.swift */,
				62EADA002A4DE6E5005DF467 /* Endpoint.swift */,
			);
			path = NetworkingLayer;
			sourceTree = "<group>";
		};
		62EADA022A4DE846005DF467 /* Endpoint */ = {
			isa = PBXGroup;
			children = (
				62EADA032A4DE87E005DF467 /* ScheduleEndpoint.swift */,
				6248F6032A55D3D400B51D64 /* TrainersEndpoint.swift */,
			);
			path = Endpoint;
			sourceTree = "<group>";
		};
/* End PBXGroup section */

/* Begin PBXNativeTarget section */
		62EAD8A52A332296005DF467 /* Final-dance-app */ = {
			isa = PBXNativeTarget;
			buildConfigurationList = 62EAD8BA2A332297005DF467 /* Build configuration list for PBXNativeTarget "Final-dance-app" */;
			buildPhases = (
				62EAD8A22A332296005DF467 /* Sources */,
				62EAD8A32A332296005DF467 /* Frameworks */,
				62EAD8A42A332296005DF467 /* Resources */,
			);
			buildRules = (
			);
			dependencies = (
			);
			name = "Final-dance-app";
			packageProductDependencies = (
				62EAD9172A3E3C58005DF467 /* CalendarKit */,
			);
			productName = "Final-dance-app";
			productReference = 62EAD8A62A332296005DF467 /* Final-dance-app.app */;
			productType = "com.apple.product-type.application";
		};
/* End PBXNativeTarget section */

/* Begin PBXProject section */
		62EAD89E2A332296005DF467 /* Project object */ = {
			isa = PBXProject;
			attributes = {
				BuildIndependentTargetsInParallel = 1;
				LastSwiftUpdateCheck = 1430;
				LastUpgradeCheck = 1430;
				TargetAttributes = {
					62EAD8A52A332296005DF467 = {
						CreatedOnToolsVersion = 14.3.1;
					};
				};
			};
			buildConfigurationList = 62EAD8A12A332296005DF467 /* Build configuration list for PBXProject "Final-dance-app" */;
			compatibilityVersion = "Xcode 14.0";
			developmentRegion = en;
			hasScannedForEncodings = 0;
			knownRegions = (
				en,
				Base,
			);
			mainGroup = 62EAD89D2A332296005DF467;
			packageReferences = (
				62EAD9162A3E3C58005DF467 /* XCRemoteSwiftPackageReference "CalendarKit" */,
			);
			productRefGroup = 62EAD8A72A332296005DF467 /* Products */;
			projectDirPath = "";
			projectRoot = "";
			targets = (
				62EAD8A52A332296005DF467 /* Final-dance-app */,
			);
		};
/* End PBXProject section */

/* Begin PBXResourcesBuildPhase section */
		62EAD8A42A332296005DF467 /* Resources */ = {
			isa = PBXResourcesBuildPhase;
			buildActionMask = 2147483647;
			files = (
				62EAD8B62A332297005DF467 /* LaunchScreen.storyboard in Resources */,
				62EAD8B32A332297005DF467 /* Assets.xcassets in Resources */,
			);
			runOnlyForDeploymentPostprocessing = 0;
		};
/* End PBXResourcesBuildPhase section */

/* Begin PBXSourcesBuildPhase section */
		62EAD8A22A332296005DF467 /* Sources */ = {
			isa = PBXSourcesBuildPhase;
			buildActionMask = 2147483647;
			files = (
				62EAD8F22A3A30D8005DF467 /* Extension + UIViewController.swift in Sources */,
				6248F6022A55C85500B51D64 /* Colors.swift in Sources */,
				62A885702A6D8AD30014B63E /* AboutScreenView.swift in Sources */,
				62A8857A2A6DBF060014B63E /* ScheduleProvider.swift in Sources */,
				62A885742A6D8F5A0014B63E /* DetailScreenView.swift in Sources */,
				623F11A02A6C100900301F2A /* TrainersScreenView.swift in Sources */,
				62EADA012A4DE6E5005DF467 /* Endpoint.swift in Sources */,
				623F11582A65BE9C00301F2A /* InfoClassesView.swift in Sources */,
				62EAD9FF2A4DD681005DF467 /* NetworkError.swift in Sources */,
				62EAD8E02A379AD2005DF467 /* CardView.swift in Sources */,
				62EAD8E72A38E732005DF467 /* ContainerVerticalStackView.swift in Sources */,
				62A885722A6D8BE60014B63E /* ScheduleScreenView.swift in Sources */,
				62EAD8AE2A332296005DF467 /* MainScreenVC.swift in Sources */,
				62A8857C2A6DC0EE0014B63E /* DetailProvider.swift in Sources */,
				62EAD9FD2A4DD60D005DF467 /* HTTPMethods.swift in Sources */,
				6248F5F72A537DC100B51D64 /* Days.swift in Sources */,
				6248F60A2A55D64100B51D64 /* TrainersCollectionViewCell.swift in Sources */,
				6248F61E2A57353F00B51D64 /* DetailScreenVC.swift in Sources */,
				623F11512A65BDCF00301F2A /* NoClassesView.swift in Sources */,
				623F114F2A65BD6F00301F2A /* ClassesCollectionViewCell.swift in Sources */,
				62EAD8AA2A332296005DF467 /* AppDelegate.swift in Sources */,
				623F11572A65BE9C00301F2A /* TrainerView.swift in Sources */,
				6248F5FE2A5598DD00B51D64 /* TrainersScreenVC.swift in Sources */,
				62EAD8EE2A38F03D005DF467 /* InfoView.swift in Sources */,
				6248F6002A55A4E700B51D64 /* TrainersTableViewCell.swift in Sources */,
				623F119C2A6B23EA00301F2A /* Di.swift in Sources */,
				62A885782A6D99080014B63E /* DayServise.swift in Sources */,
				62EAD8AC2A332296005DF467 /* SceneDelegate.swift in Sources */,
				62EAD8FE2A3B7FBE005DF467 /* ProfileScreenVC.swift in Sources */,
				6248F61B2A5719EC00B51D64 /* AboutScreenVC.swift in Sources */,
				6248F6062A55D43100B51D64 /* Trainers.swift in Sources */,
				62EAD8F72A3B4752005DF467 /* ScheduleScreenVC.swift in Sources */,
				623F115A2A65BEB400301F2A /* ClassesTableViewCell.swift in Sources */,
				623F11532A65BE1B00301F2A /* ClassesRepository.swift in Sources */,
				62EAD8EA2A38EBD4005DF467 /* InfoContainerStackView.swift in Sources */,
				62EAD8EC2A38EE4A005DF467 /* Button.swift in Sources */,
				62EAD8E52A38DF2B005DF467 /* Label.swift in Sources */,
				623F119A2A6B0A7E00301F2A /* MainScreenView.swift in Sources */,
				6248F60C2A56E44B00B51D64 /* ContactsTableViewCell.swift in Sources */,
				6248F5EF2A4E236D00B51D64 /* ScheduleAPI.swift in Sources */,
				62EAD9F52A4DAAD0005DF467 /* ScheduleTableViewCell.swift in Sources */,
				62EAD9F32A4DA946005DF467 /* ScheduleTableView.swift in Sources */,
				6248F6082A55D47900B51D64 /* TrainersApiClient.swift in Sources */,
				623F119E2A6B41E100301F2A /* MainProvider.swift in Sources */,
				6248F6042A55D3D400B51D64 /* TrainersEndpoint.swift in Sources */,
				62EAD8F42A3B1299005DF467 /* MainTabBar.swift in Sources */,
				62EADA042A4DE87E005DF467 /* ScheduleEndpoint.swift in Sources */,
				623F115C2A65BF5C00301F2A /* DeleteView.swift in Sources */,
				62EAD9FB2A4DD4BA005DF467 /* Schedule.swift in Sources */,
				62A885762A6D930B0014B63E /* ProfileScreenView.swift in Sources */,
				62EAD8DE2A379802005DF467 /* Screen.swift in Sources */,
			);
			runOnlyForDeploymentPostprocessing = 0;
		};
/* End PBXSourcesBuildPhase section */

/* Begin PBXVariantGroup section */
		62EAD8B42A332297005DF467 /* LaunchScreen.storyboard */ = {
			isa = PBXVariantGroup;
			children = (
				62EAD8B52A332297005DF467 /* Base */,
			);
			name = LaunchScreen.storyboard;
			sourceTree = "<group>";
		};
/* End PBXVariantGroup section */

/* Begin XCBuildConfiguration section */
		62EAD8B82A332297005DF467 /* Debug */ = {
			isa = XCBuildConfiguration;
			buildSettings = {
				ALWAYS_SEARCH_USER_PATHS = NO;
				CLANG_ANALYZER_NONNULL = YES;
				CLANG_ANALYZER_NUMBER_OBJECT_CONVERSION = YES_AGGRESSIVE;
				CLANG_CXX_LANGUAGE_STANDARD = "gnu++20";
				CLANG_ENABLE_MODULES = YES;
				CLANG_ENABLE_OBJC_ARC = YES;
				CLANG_ENABLE_OBJC_WEAK = YES;
				CLANG_WARN_BLOCK_CAPTURE_AUTORELEASING = YES;
				CLANG_WARN_BOOL_CONVERSION = YES;
				CLANG_WARN_COMMA = YES;
				CLANG_WARN_CONSTANT_CONVERSION = YES;
				CLANG_WARN_DEPRECATED_OBJC_IMPLEMENTATIONS = YES;
				CLANG_WARN_DIRECT_OBJC_ISA_USAGE = YES_ERROR;
				CLANG_WARN_DOCUMENTATION_COMMENTS = YES;
				CLANG_WARN_EMPTY_BODY = YES;
				CLANG_WARN_ENUM_CONVERSION = YES;
				CLANG_WARN_INFINITE_RECURSION = YES;
				CLANG_WARN_INT_CONVERSION = YES;
				CLANG_WARN_NON_LITERAL_NULL_CONVERSION = YES;
				CLANG_WARN_OBJC_IMPLICIT_RETAIN_SELF = YES;
				CLANG_WARN_OBJC_LITERAL_CONVERSION = YES;
				CLANG_WARN_OBJC_ROOT_CLASS = YES_ERROR;
				CLANG_WARN_QUOTED_INCLUDE_IN_FRAMEWORK_HEADER = YES;
				CLANG_WARN_RANGE_LOOP_ANALYSIS = YES;
				CLANG_WARN_STRICT_PROTOTYPES = YES;
				CLANG_WARN_SUSPICIOUS_MOVE = YES;
				CLANG_WARN_UNGUARDED_AVAILABILITY = YES_AGGRESSIVE;
				CLANG_WARN_UNREACHABLE_CODE = YES;
				CLANG_WARN__DUPLICATE_METHOD_MATCH = YES;
				COPY_PHASE_STRIP = NO;
				DEBUG_INFORMATION_FORMAT = dwarf;
				ENABLE_STRICT_OBJC_MSGSEND = YES;
				ENABLE_TESTABILITY = YES;
				GCC_C_LANGUAGE_STANDARD = gnu11;
				GCC_DYNAMIC_NO_PIC = NO;
				GCC_NO_COMMON_BLOCKS = YES;
				GCC_OPTIMIZATION_LEVEL = 0;
				GCC_PREPROCESSOR_DEFINITIONS = (
					"DEBUG=1",
					"$(inherited)",
				);
				GCC_WARN_64_TO_32_BIT_CONVERSION = YES;
				GCC_WARN_ABOUT_RETURN_TYPE = YES_ERROR;
				GCC_WARN_UNDECLARED_SELECTOR = YES;
				GCC_WARN_UNINITIALIZED_AUTOS = YES_AGGRESSIVE;
				GCC_WARN_UNUSED_FUNCTION = YES;
				GCC_WARN_UNUSED_VARIABLE = YES;
				IPHONEOS_DEPLOYMENT_TARGET = 16.4;
				MTL_ENABLE_DEBUG_INFO = INCLUDE_SOURCE;
				MTL_FAST_MATH = YES;
				ONLY_ACTIVE_ARCH = YES;
				SDKROOT = iphoneos;
				SWIFT_ACTIVE_COMPILATION_CONDITIONS = DEBUG;
				SWIFT_OPTIMIZATION_LEVEL = "-Onone";
			};
			name = Debug;
		};
		62EAD8B92A332297005DF467 /* Release */ = {
			isa = XCBuildConfiguration;
			buildSettings = {
				ALWAYS_SEARCH_USER_PATHS = NO;
				CLANG_ANALYZER_NONNULL = YES;
				CLANG_ANALYZER_NUMBER_OBJECT_CONVERSION = YES_AGGRESSIVE;
				CLANG_CXX_LANGUAGE_STANDARD = "gnu++20";
				CLANG_ENABLE_MODULES = YES;
				CLANG_ENABLE_OBJC_ARC = YES;
				CLANG_ENABLE_OBJC_WEAK = YES;
				CLANG_WARN_BLOCK_CAPTURE_AUTORELEASING = YES;
				CLANG_WARN_BOOL_CONVERSION = YES;
				CLANG_WARN_COMMA = YES;
				CLANG_WARN_CONSTANT_CONVERSION = YES;
				CLANG_WARN_DEPRECATED_OBJC_IMPLEMENTATIONS = YES;
				CLANG_WARN_DIRECT_OBJC_ISA_USAGE = YES_ERROR;
				CLANG_WARN_DOCUMENTATION_COMMENTS = YES;
				CLANG_WARN_EMPTY_BODY = YES;
				CLANG_WARN_ENUM_CONVERSION = YES;
				CLANG_WARN_INFINITE_RECURSION = YES;
				CLANG_WARN_INT_CONVERSION = YES;
				CLANG_WARN_NON_LITERAL_NULL_CONVERSION = YES;
				CLANG_WARN_OBJC_IMPLICIT_RETAIN_SELF = YES;
				CLANG_WARN_OBJC_LITERAL_CONVERSION = YES;
				CLANG_WARN_OBJC_ROOT_CLASS = YES_ERROR;
				CLANG_WARN_QUOTED_INCLUDE_IN_FRAMEWORK_HEADER = YES;
				CLANG_WARN_RANGE_LOOP_ANALYSIS = YES;
				CLANG_WARN_STRICT_PROTOTYPES = YES;
				CLANG_WARN_SUSPICIOUS_MOVE = YES;
				CLANG_WARN_UNGUARDED_AVAILABILITY = YES_AGGRESSIVE;
				CLANG_WARN_UNREACHABLE_CODE = YES;
				CLANG_WARN__DUPLICATE_METHOD_MATCH = YES;
				COPY_PHASE_STRIP = NO;
				DEBUG_INFORMATION_FORMAT = "dwarf-with-dsym";
				ENABLE_NS_ASSERTIONS = NO;
				ENABLE_STRICT_OBJC_MSGSEND = YES;
				GCC_C_LANGUAGE_STANDARD = gnu11;
				GCC_NO_COMMON_BLOCKS = YES;
				GCC_WARN_64_TO_32_BIT_CONVERSION = YES;
				GCC_WARN_ABOUT_RETURN_TYPE = YES_ERROR;
				GCC_WARN_UNDECLARED_SELECTOR = YES;
				GCC_WARN_UNINITIALIZED_AUTOS = YES_AGGRESSIVE;
				GCC_WARN_UNUSED_FUNCTION = YES;
				GCC_WARN_UNUSED_VARIABLE = YES;
				IPHONEOS_DEPLOYMENT_TARGET = 16.4;
				MTL_ENABLE_DEBUG_INFO = NO;
				MTL_FAST_MATH = YES;
				SDKROOT = iphoneos;
				SWIFT_COMPILATION_MODE = wholemodule;
				SWIFT_OPTIMIZATION_LEVEL = "-O";
				VALIDATE_PRODUCT = YES;
			};
			name = Release;
		};
		62EAD8BB2A332297005DF467 /* Debug */ = {
			isa = XCBuildConfiguration;
			buildSettings = {
				ASSETCATALOG_COMPILER_APPICON_NAME = AppIcon;
				ASSETCATALOG_COMPILER_GLOBAL_ACCENT_COLOR_NAME = AccentColor;
				CODE_SIGN_STYLE = Automatic;
				CURRENT_PROJECT_VERSION = 1;
				DEVELOPMENT_TEAM = Z57P9345H9;
				GENERATE_INFOPLIST_FILE = YES;
				INFOPLIST_FILE = "Final-dance-app/Resources/Info.plist";
				INFOPLIST_KEY_UIApplicationSupportsIndirectInputEvents = YES;
				INFOPLIST_KEY_UILaunchStoryboardName = LaunchScreen;
				INFOPLIST_KEY_UISupportedInterfaceOrientations_iPad = "UIInterfaceOrientationPortrait UIInterfaceOrientationPortraitUpsideDown UIInterfaceOrientationLandscapeLeft UIInterfaceOrientationLandscapeRight";
				INFOPLIST_KEY_UISupportedInterfaceOrientations_iPhone = "UIInterfaceOrientationPortrait UIInterfaceOrientationLandscapeLeft UIInterfaceOrientationLandscapeRight";
				LD_RUNPATH_SEARCH_PATHS = (
					"$(inherited)",
					"@executable_path/Frameworks",
				);
				MARKETING_VERSION = 1.0;
				PRODUCT_BUNDLE_IDENTIFIER = "com.daria.Final-dance-app";
				PRODUCT_NAME = "$(TARGET_NAME)";
				SWIFT_EMIT_LOC_STRINGS = YES;
				SWIFT_VERSION = 5.0;
				TARGETED_DEVICE_FAMILY = "1,2";
			};
			name = Debug;
		};
		62EAD8BC2A332297005DF467 /* Release */ = {
			isa = XCBuildConfiguration;
			buildSettings = {
				ASSETCATALOG_COMPILER_APPICON_NAME = AppIcon;
				ASSETCATALOG_COMPILER_GLOBAL_ACCENT_COLOR_NAME = AccentColor;
				CODE_SIGN_STYLE = Automatic;
				CURRENT_PROJECT_VERSION = 1;
				DEVELOPMENT_TEAM = Z57P9345H9;
				GENERATE_INFOPLIST_FILE = YES;
				INFOPLIST_FILE = "Final-dance-app/Resources/Info.plist";
				INFOPLIST_KEY_UIApplicationSupportsIndirectInputEvents = YES;
				INFOPLIST_KEY_UILaunchStoryboardName = LaunchScreen;
				INFOPLIST_KEY_UISupportedInterfaceOrientations_iPad = "UIInterfaceOrientationPortrait UIInterfaceOrientationPortraitUpsideDown UIInterfaceOrientationLandscapeLeft UIInterfaceOrientationLandscapeRight";
				INFOPLIST_KEY_UISupportedInterfaceOrientations_iPhone = "UIInterfaceOrientationPortrait UIInterfaceOrientationLandscapeLeft UIInterfaceOrientationLandscapeRight";
				LD_RUNPATH_SEARCH_PATHS = (
					"$(inherited)",
					"@executable_path/Frameworks",
				);
				MARKETING_VERSION = 1.0;
				PRODUCT_BUNDLE_IDENTIFIER = "com.daria.Final-dance-app";
				PRODUCT_NAME = "$(TARGET_NAME)";
				SWIFT_EMIT_LOC_STRINGS = YES;
				SWIFT_VERSION = 5.0;
				TARGETED_DEVICE_FAMILY = "1,2";
			};
			name = Release;
		};
/* End XCBuildConfiguration section */

/* Begin XCConfigurationList section */
		62EAD8A12A332296005DF467 /* Build configuration list for PBXProject "Final-dance-app" */ = {
			isa = XCConfigurationList;
			buildConfigurations = (
				62EAD8B82A332297005DF467 /* Debug */,
				62EAD8B92A332297005DF467 /* Release */,
			);
			defaultConfigurationIsVisible = 0;
			defaultConfigurationName = Release;
		};
		62EAD8BA2A332297005DF467 /* Build configuration list for PBXNativeTarget "Final-dance-app" */ = {
			isa = XCConfigurationList;
			buildConfigurations = (
				62EAD8BB2A332297005DF467 /* Debug */,
				62EAD8BC2A332297005DF467 /* Release */,
			);
			defaultConfigurationIsVisible = 0;
			defaultConfigurationName = Release;
		};
/* End XCConfigurationList section */

/* Begin XCRemoteSwiftPackageReference section */
		62EAD9162A3E3C58005DF467 /* XCRemoteSwiftPackageReference "CalendarKit" */ = {
			isa = XCRemoteSwiftPackageReference;
			repositoryURL = "https://github.com/richardtop/CalendarKit.git";
			requirement = {
				kind = upToNextMajorVersion;
				minimumVersion = 1.0.0;
			};
		};
/* End XCRemoteSwiftPackageReference section */

/* Begin XCSwiftPackageProductDependency section */
		62EAD9172A3E3C58005DF467 /* CalendarKit */ = {
			isa = XCSwiftPackageProductDependency;
			package = 62EAD9162A3E3C58005DF467 /* XCRemoteSwiftPackageReference "CalendarKit" */;
			productName = CalendarKit;
		};
/* End XCSwiftPackageProductDependency section */
	};
	rootObject = 62EAD89E2A332296005DF467 /* Project object */;
}
